// !$*UTF8*$!
{
	archiveVersion = 1;
	classes = {
	};
	objectVersion = 55;
	objects = {

/* Begin PBXBuildFile section */
		B2BC641A271649BA00614783 /* LilWeatherApp.swift in Sources */ = {isa = PBXBuildFile; fileRef = B2BC6419271649BA00614783 /* LilWeatherApp.swift */; };
		B2BC641C271649BA00614783 /* ContentView.swift in Sources */ = {isa = PBXBuildFile; fileRef = B2BC641B271649BA00614783 /* ContentView.swift */; };
		B2BC641E271649BD00614783 /* Assets.xcassets in Resources */ = {isa = PBXBuildFile; fileRef = B2BC641D271649BD00614783 /* Assets.xcassets */; };
		B2BC6421271649BD00614783 /* Preview Assets.xcassets in Resources */ = {isa = PBXBuildFile; fileRef = B2BC6420271649BD00614783 /* Preview Assets.xcassets */; };
		B2BC642D27164A4E00614783 /* Endpoints.swift in Sources */ = {isa = PBXBuildFile; fileRef = B2BC642C27164A4E00614783 /* Endpoints.swift */; };
		B2BC642F27164A5500614783 /* Errors.swift in Sources */ = {isa = PBXBuildFile; fileRef = B2BC642E27164A5500614783 /* Errors.swift */; };
		B2BC643127164A5C00614783 /* States.swift in Sources */ = {isa = PBXBuildFile; fileRef = B2BC643027164A5C00614783 /* States.swift */; };
/* End PBXBuildFile section */

/* Begin PBXFileReference section */
		B2BC6416271649BA00614783 /* LilWeather.app */ = {isa = PBXFileReference; explicitFileType = wrapper.application; includeInIndex = 0; path = LilWeather.app; sourceTree = BUILT_PRODUCTS_DIR; };
		B2BC6419271649BA00614783 /* LilWeatherApp.swift */ = {isa = PBXFileReference; lastKnownFileType = sourcecode.swift; path = LilWeatherApp.swift; sourceTree = "<group>"; };
		B2BC641B271649BA00614783 /* ContentView.swift */ = {isa = PBXFileReference; lastKnownFileType = sourcecode.swift; path = ContentView.swift; sourceTree = "<group>"; };
		B2BC641D271649BD00614783 /* Assets.xcassets */ = {isa = PBXFileReference; lastKnownFileType = folder.assetcatalog; path = Assets.xcassets; sourceTree = "<group>"; };
		B2BC6420271649BD00614783 /* Preview Assets.xcassets */ = {isa = PBXFileReference; lastKnownFileType = folder.assetcatalog; path = "Preview Assets.xcassets"; sourceTree = "<group>"; };
		B2BC642C27164A4E00614783 /* Endpoints.swift */ = {isa = PBXFileReference; lastKnownFileType = sourcecode.swift; path = Endpoints.swift; sourceTree = "<group>"; };
		B2BC642E27164A5500614783 /* Errors.swift */ = {isa = PBXFileReference; lastKnownFileType = sourcecode.swift; path = Errors.swift; sourceTree = "<group>"; };
		B2BC643027164A5C00614783 /* States.swift */ = {isa = PBXFileReference; lastKnownFileType = sourcecode.swift; path = States.swift; sourceTree = "<group>"; };
/* End PBXFileReference section */

/* Begin PBXFrameworksBuildPhase section */
		B2BC6413271649BA00614783 /* Frameworks */ = {
			isa = PBXFrameworksBuildPhase;
			buildActionMask = 2147483647;
			files = (
			);
			runOnlyForDeploymentPostprocessing = 0;
		};
/* End PBXFrameworksBuildPhase section */

/* Begin PBXGroup section */
		B2BC640D271649BA00614783 = {
			isa = PBXGroup;
			children = (
				B2BC6418271649BA00614783 /* LilWeather */,
				B2BC6417271649BA00614783 /* Products */,
			);
			sourceTree = "<group>";
		};
		B2BC6417271649BA00614783 /* Products */ = {
			isa = PBXGroup;
			children = (
				B2BC6416271649BA00614783 /* LilWeather.app */,
			);
			name = Products;
			sourceTree = "<group>";
		};
		B2BC6418271649BA00614783 /* LilWeather */ = {
			isa = PBXGroup;
			children = (
				B2BC642827164A1000614783 /* HomeView */,
				B2BC642727164A0800614783 /* Services */,
				B2BC6419271649BA00614783 /* LilWeatherApp.swift */,
				B2BC641B271649BA00614783 /* ContentView.swift */,
				B2BC641D271649BD00614783 /* Assets.xcassets */,
				B2BC641F271649BD00614783 /* Preview Content */,
			);
			path = LilWeather;
			sourceTree = "<group>";
		};
		B2BC641F271649BD00614783 /* Preview Content */ = {
			isa = PBXGroup;
			children = (
				B2BC6420271649BD00614783 /* Preview Assets.xcassets */,
			);
			path = "Preview Content";
			sourceTree = "<group>";
		};
		B2BC642727164A0800614783 /* Services */ = {
			isa = PBXGroup;
			children = (
				B2BC642B27164A3500614783 /* Endpoints */,
				B2BC642A27164A3000614783 /* Errors */,
				B2BC642927164A2300614783 /* States */,
			);
			path = Services;
			sourceTree = "<group>";
		};
		B2BC642827164A1000614783 /* HomeView */ = {
			isa = PBXGroup;
			children = (
			);
			path = HomeView;
			sourceTree = "<group>";
		};
		B2BC642927164A2300614783 /* States */ = {
			isa = PBXGroup;
			children = (
				B2BC643027164A5C00614783 /* States.swift */,
			);
			path = States;
			sourceTree = "<group>";
		};
		B2BC642A27164A3000614783 /* Errors */ = {
			isa = PBXGroup;
			children = (
				B2BC642E27164A5500614783 /* Errors.swift */,
			);
			path = Errors;
			sourceTree = "<group>";
		};
		B2BC642B27164A3500614783 /* Endpoints */ = {
			isa = PBXGroup;
			children = (
				B2BC642C27164A4E00614783 /* Endpoints.swift */,
			);
			path = Endpoints;
			sourceTree = "<group>";
		};
/* End PBXGroup section */

/* Begin PBXNativeTarget section */
		B2BC6415271649BA00614783 /* LilWeather */ = {
			isa = PBXNativeTarget;
			buildConfigurationList = B2BC6424271649BD00614783 /* Build configuration list for PBXNativeTarget "LilWeather" */;
			buildPhases = (
				B2BC6412271649BA00614783 /* Sources */,
				B2BC6413271649BA00614783 /* Frameworks */,
				B2BC6414271649BA00614783 /* Resources */,
			);
			buildRules = (
			);
			dependencies = (
			);
			name = LilWeather;
			productName = LilWeather;
			productReference = B2BC6416271649BA00614783 /* LilWeather.app */;
			productType = "com.apple.product-type.application";
		};
/* End PBXNativeTarget section */

/* Begin PBXProject section */
		B2BC640E271649BA00614783 /* Project object */ = {
			isa = PBXProject;
			attributes = {
				BuildIndependentTargetsInParallel = 1;
				LastSwiftUpdateCheck = 1300;
				LastUpgradeCheck = 1300;
				TargetAttributes = {
					B2BC6415271649BA00614783 = {
						CreatedOnToolsVersion = 13.0;
					};
				};
			};
			buildConfigurationList = B2BC6411271649BA00614783 /* Build configuration list for PBXProject "LilWeather" */;
			compatibilityVersion = "Xcode 13.0";
			developmentRegion = en;
			hasScannedForEncodings = 0;
			knownRegions = (
				en,
				Base,
			);
			mainGroup = B2BC640D271649BA00614783;
			productRefGroup = B2BC6417271649BA00614783 /* Products */;
			projectDirPath = "";
			projectRoot = "";
			targets = (
				B2BC6415271649BA00614783 /* LilWeather */,
			);
		};
/* End PBXProject section */

/* Begin PBXResourcesBuildPhase section */
		B2BC6414271649BA00614783 /* Resources */ = {
			isa = PBXResourcesBuildPhase;
			buildActionMask = 2147483647;
			files = (
				B2BC6421271649BD00614783 /* Preview Assets.xcassets in Resources */,
				B2BC641E271649BD00614783 /* Assets.xcassets in Resources */,
			);
			runOnlyForDeploymentPostprocessing = 0;
		};
/* End PBXResourcesBuildPhase section */

/* Begin PBXSourcesBuildPhase section */
		B2BC6412271649BA00614783 /* Sources */ = {
			isa = PBXSourcesBuildPhase;
			buildActionMask = 2147483647;
			files = (
				B2BC643127164A5C00614783 /* States.swift in Sources */,
				B2BC642F27164A5500614783 /* Errors.swift in Sources */,
				B2BC641C271649BA00614783 /* ContentView.swift in Sources */,
				B2BC642D27164A4E00614783 /* Endpoints.swift in Sources */,
				B2BC641A271649BA00614783 /* LilWeatherApp.swift in Sources */,
			);
			runOnlyForDeploymentPostprocessing = 0;
		};
/* End PBXSourcesBuildPhase section */

/* Begin XCBuildConfiguration section */
		B2BC6422271649BD00614783 /* Debug */ = {
			isa = XCBuildConfiguration;
			buildSettings = {
				ALWAYS_SEARCH_USER_PATHS = NO;
				CLANG_ANALYZER_NONNULL = YES;
				CLANG_ANALYZER_NUMBER_OBJECT_CONVERSION = YES_AGGRESSIVE;
				CLANG_CXX_LANGUAGE_STANDARD = "gnu++17";
				CLANG_CXX_LIBRARY = "libc++";
				CLANG_ENABLE_MODULES = YES;
				CLANG_ENABLE_OBJC_ARC = YES;
				CLANG_ENABLE_OBJC_WEAK = YES;
				CLANG_WARN_BLOCK_CAPTURE_AUTORELEASING = YES;
				CLANG_WARN_BOOL_CONVERSION = YES;
				CLANG_WARN_COMMA = YES;
				CLANG_WARN_CONSTANT_CONVERSION = YES;
				CLANG_WARN_DEPRECATED_OBJC_IMPLEMENTATIONS = YES;
				CLANG_WARN_DIRECT_OBJC_ISA_USAGE = YES_ERROR;
				CLANG_WARN_DOCUMENTATION_COMMENTS = YES;
				CLANG_WARN_EMPTY_BODY = YES;
				CLANG_WARN_ENUM_CONVERSION = YES;
				CLANG_WARN_INFINITE_RECURSION = YES;
				CLANG_WARN_INT_CONVERSION = YES;
				CLANG_WARN_NON_LITERAL_NULL_CONVERSION = YES;
				CLANG_WARN_OBJC_IMPLICIT_RETAIN_SELF = YES;
				CLANG_WARN_OBJC_LITERAL_CONVERSION = YES;
				CLANG_WARN_OBJC_ROOT_CLASS = YES_ERROR;
				CLANG_WARN_QUOTED_INCLUDE_IN_FRAMEWORK_HEADER = YES;
				CLANG_WARN_RANGE_LOOP_ANALYSIS = YES;
				CLANG_WARN_STRICT_PROTOTYPES = YES;
				CLANG_WARN_SUSPICIOUS_MOVE = YES;
				CLANG_WARN_UNGUARDED_AVAILABILITY = YES_AGGRESSIVE;
				CLANG_WARN_UNREACHABLE_CODE = YES;
				CLANG_WARN__DUPLICATE_METHOD_MATCH = YES;
				COPY_PHASE_STRIP = NO;
				DEBUG_INFORMATION_FORMAT = dwarf;
				ENABLE_STRICT_OBJC_MSGSEND = YES;
				ENABLE_TESTABILITY = YES;
				GCC_C_LANGUAGE_STANDARD = gnu11;
				GCC_DYNAMIC_NO_PIC = NO;
				GCC_NO_COMMON_BLOCKS = YES;
				GCC_OPTIMIZATION_LEVEL = 0;
				GCC_PREPROCESSOR_DEFINITIONS = (
					"DEBUG=1",
					"$(inherited)",
				);
				GCC_WARN_64_TO_32_BIT_CONVERSION = YES;
				GCC_WARN_ABOUT_RETURN_TYPE = YES_ERROR;
				GCC_WARN_UNDECLARED_SELECTOR = YES;
				GCC_WARN_UNINITIALIZED_AUTOS = YES_AGGRESSIVE;
				GCC_WARN_UNUSED_FUNCTION = YES;
				GCC_WARN_UNUSED_VARIABLE = YES;
				IPHONEOS_DEPLOYMENT_TARGET = 15.0;
				MTL_ENABLE_DEBUG_INFO = INCLUDE_SOURCE;
				MTL_FAST_MATH = YES;
				ONLY_ACTIVE_ARCH = YES;
				SDKROOT = iphoneos;
				SWIFT_ACTIVE_COMPILATION_CONDITIONS = DEBUG;
				SWIFT_OPTIMIZATION_LEVEL = "-Onone";
			};
			name = Debug;
		};
		B2BC6423271649BD00614783 /* Release */ = {
			isa = XCBuildConfiguration;
			buildSettings = {
				ALWAYS_SEARCH_USER_PATHS = NO;
				CLANG_ANALYZER_NONNULL = YES;
				CLANG_ANALYZER_NUMBER_OBJECT_CONVERSION = YES_AGGRESSIVE;
				CLANG_CXX_LANGUAGE_STANDARD = "gnu++17";
				CLANG_CXX_LIBRARY = "libc++";
				CLANG_ENABLE_MODULES = YES;
				CLANG_ENABLE_OBJC_ARC = YES;
				CLANG_ENABLE_OBJC_WEAK = YES;
				CLANG_WARN_BLOCK_CAPTURE_AUTORELEASING = YES;
				CLANG_WARN_BOOL_CONVERSION = YES;
				CLANG_WARN_COMMA = YES;
				CLANG_WARN_CONSTANT_CONVERSION = YES;
				CLANG_WARN_DEPRECATED_OBJC_IMPLEMENTATIONS = YES;
				CLANG_WARN_DIRECT_OBJC_ISA_USAGE = YES_ERROR;
				CLANG_WARN_DOCUMENTATION_COMMENTS = YES;
				CLANG_WARN_EMPTY_BODY = YES;
				CLANG_WARN_ENUM_CONVERSION = YES;
				CLANG_WARN_INFINITE_RECURSION = YES;
				CLANG_WARN_INT_CONVERSION = YES;
				CLANG_WARN_NON_LITERAL_NULL_CONVERSION = YES;
				CLANG_WARN_OBJC_IMPLICIT_RETAIN_SELF = YES;
				CLANG_WARN_OBJC_LITERAL_CONVERSION = YES;
				CLANG_WARN_OBJC_ROOT_CLASS = YES_ERROR;
				CLANG_WARN_QUOTED_INCLUDE_IN_FRAMEWORK_HEADER = YES;
				CLANG_WARN_RANGE_LOOP_ANALYSIS = YES;
				CLANG_WARN_STRICT_PROTOTYPES = YES;
				CLANG_WARN_SUSPICIOUS_MOVE = YES;
				CLANG_WARN_UNGUARDED_AVAILABILITY = YES_AGGRESSIVE;
				CLANG_WARN_UNREACHABLE_CODE = YES;
				CLANG_WARN__DUPLICATE_METHOD_MATCH = YES;
				COPY_PHASE_STRIP = NO;
				DEBUG_INFORMATION_FORMAT = "dwarf-with-dsym";
				ENABLE_NS_ASSERTIONS = NO;
				ENABLE_STRICT_OBJC_MSGSEND = YES;
				GCC_C_LANGUAGE_STANDARD = gnu11;
				GCC_NO_COMMON_BLOCKS = YES;
				GCC_WARN_64_TO_32_BIT_CONVERSION = YES;
				GCC_WARN_ABOUT_RETURN_TYPE = YES_ERROR;
				GCC_WARN_UNDECLARED_SELECTOR = YES;
				GCC_WARN_UNINITIALIZED_AUTOS = YES_AGGRESSIVE;
				GCC_WARN_UNUSED_FUNCTION = YES;
				GCC_WARN_UNUSED_VARIABLE = YES;
				IPHONEOS_DEPLOYMENT_TARGET = 15.0;
				MTL_ENABLE_DEBUG_INFO = NO;
				MTL_FAST_MATH = YES;
				SDKROOT = iphoneos;
				SWIFT_COMPILATION_MODE = wholemodule;
				SWIFT_OPTIMIZATION_LEVEL = "-O";
				VALIDATE_PRODUCT = YES;
			};
			name = Release;
		};
		B2BC6425271649BD00614783 /* Debug */ = {
			isa = XCBuildConfiguration;
			buildSettings = {
				ASSETCATALOG_COMPILER_APPICON_NAME = AppIcon;
				ASSETCATALOG_COMPILER_GLOBAL_ACCENT_COLOR_NAME = AccentColor;
				CODE_SIGN_STYLE = Automatic;
				CURRENT_PROJECT_VERSION = 1;
				DEVELOPMENT_ASSET_PATHS = "\"LilWeather/Preview Content\"";
				DEVELOPMENT_TEAM = 34N89Y6GQ8;
				ENABLE_PREVIEWS = YES;
				GENERATE_INFOPLIST_FILE = YES;
				INFOPLIST_KEY_UIApplicationSceneManifest_Generation = YES;
				INFOPLIST_KEY_UIApplicationSupportsIndirectInputEvents = YES;
				INFOPLIST_KEY_UILaunchScreen_Generation = YES;
				INFOPLIST_KEY_UISupportedInterfaceOrientations_iPad = "UIInterfaceOrientationPortrait UIInterfaceOrientationPortraitUpsideDown UIInterfaceOrientationLandscapeLeft UIInterfaceOrientationLandscapeRight";
				INFOPLIST_KEY_UISupportedInterfaceOrientations_iPhone = "UIInterfaceOrientationPortrait UIInterfaceOrientationLandscapeLeft UIInterfaceOrientationLandscapeRight";
				IPHONEOS_DEPLOYMENT_TARGET = 14.0;
				LD_RUNPATH_SEARCH_PATHS = (
					"$(inherited)",
					"@executable_path/Frameworks",
				);
				MARKETING_VERSION = 1.0;
				PRODUCT_BUNDLE_IDENTIFIER = com.teneightstudios.LilWeather;
				PRODUCT_NAME = "$(TARGET_NAME)";
				SWIFT_EMIT_LOC_STRINGS = YES;
				SWIFT_VERSION = 5.0;
				TARGETED_DEVICE_FAMILY = "1,2";
			};
			name = Debug;
		};
		B2BC6426271649BD00614783 /* Release */ = {
			isa = XCBuildConfiguration;
			buildSettings = {
				ASSETCATALOG_COMPILER_APPICON_NAME = AppIcon;
				ASSETCATALOG_COMPILER_GLOBAL_ACCENT_COLOR_NAME = AccentColor;
				CODE_SIGN_STYLE = Automatic;
				CURRENT_PROJECT_VERSION = 1;
				DEVELOPMENT_ASSET_PATHS = "\"LilWeather/Preview Content\"";
				DEVELOPMENT_TEAM = 34N89Y6GQ8;
				ENABLE_PREVIEWS = YES;
				GENERATE_INFOPLIST_FILE = YES;
				INFOPLIST_KEY_UIApplicationSceneManifest_Generation = YES;
				INFOPLIST_KEY_UIApplicationSupportsIndirectInputEvents = YES;
				INFOPLIST_KEY_UILaunchScreen_Generation = YES;
				INFOPLIST_KEY_UISupportedInterfaceOrientations_iPad = "UIInterfaceOrientationPortrait UIInterfaceOrientationPortraitUpsideDown UIInterfaceOrientationLandscapeLeft UIInterfaceOrientationLandscapeRight";
				INFOPLIST_KEY_UISupportedInterfaceOrientations_iPhone = "UIInterfaceOrientationPortrait UIInterfaceOrientationLandscapeLeft UIInterfaceOrientationLandscapeRight";
				IPHONEOS_DEPLOYMENT_TARGET = 14.0;
				LD_RUNPATH_SEARCH_PATHS = (
					"$(inherited)",
					"@executable_path/Frameworks",
				);
				MARKETING_VERSION = 1.0;
				PRODUCT_BUNDLE_IDENTIFIER = com.teneightstudios.LilWeather;
				PRODUCT_NAME = "$(TARGET_NAME)";
				SWIFT_EMIT_LOC_STRINGS = YES;
				SWIFT_VERSION = 5.0;
				TARGETED_DEVICE_FAMILY = "1,2";
			};
			name = Release;
		};
/* End XCBuildConfiguration section */

/* Begin XCConfigurationList section */
		B2BC6411271649BA00614783 /* Build configuration list for PBXProject "LilWeather" */ = {
			isa = XCConfigurationList;
			buildConfigurations = (
				B2BC6422271649BD00614783 /* Debug */,
				B2BC6423271649BD00614783 /* Release */,
			);
			defaultConfigurationIsVisible = 0;
			defaultConfigurationName = Release;
		};
		B2BC6424271649BD00614783 /* Build configuration list for PBXNativeTarget "LilWeather" */ = {
			isa = XCConfigurationList;
			buildConfigurations = (
				B2BC6425271649BD00614783 /* Debug */,
				B2BC6426271649BD00614783 /* Release */,
			);
			defaultConfigurationIsVisible = 0;
			defaultConfigurationName = Release;
		};
/* End XCConfigurationList section */
	};
	rootObject = B2BC640E271649BA00614783 /* Project object */;
}
